
Microsoft Visual Studio Solution File, Format Version 12.00
# Visual Studio Version 17
VisualStudioVersion = 17.2.32630.192
MinimumVisualStudioVersion = 10.0.40219.1
Project("{FAE04EC0-301F-11D3-BF4B-00C04F79EFBC}") = "YellowPages", "YellowPages.csproj", "{579AB08F-AFD4-4747-BCDF-12B695F58011}"
EndProject
Global
	GlobalSection(SolutionConfigurationPlatforms) = preSolution
		Debug|Any CPU = Debug|Any CPU
		Release|Any CPU = Release|Any CPU
	EndGlobalSection
	GlobalSection(ProjectConfigurationPlatforms) = postSolution
		{579AB08F-AFD4-4747-BCDF-12B695F58011}.Debug|Any CPU.ActiveCfg = Debug|Any CPU
		{579AB08F-AFD4-4747-BCDF-12B695F58011}.Debug|Any CPU.Build.0 = Debug|Any CPU
		{579AB08F-AFD4-4747-BCDF-12B695F58011}.Release|Any CPU.ActiveCfg = Release|Any CPU
		{579AB08F-AFD4-4747-BCDF-12B695F58011}.Release|Any CPU.Build.0 = Release|Any CPU
	EndGlobalSection
	GlobalSection(SolutionProperties) = preSolution
		HideSolutionNode = FALSE
	EndGlobalSection
	GlobalSection(ExtensibilityGlobals) = postSolution
		SolutionGuid = {47237BB4-1283-47D3-8146-8B78A2F32CC6}
	EndGlobalSection
EndGlobal
